
Microsoft Visual Studio Solution File, Format Version 12.00
# Visual Studio Version 17
VisualStudioVersion = 17.1.32210.238
MinimumVisualStudioVersion = 10.0.40219.1
Project("{FAE04EC0-301F-11D3-BF4B-00C04F79EFBC}") = "mod4_1302201136", "mod4_1302201136.csproj", "{EE64E251-C6BF-4384-AE15-C4EA26F51AEB}"
EndProject
Global
	GlobalSection(SolutionConfigurationPlatforms) = preSolution
		Debug|Any CPU = Debug|Any CPU
		Release|Any CPU = Release|Any CPU
	EndGlobalSection
	GlobalSection(ProjectConfigurationPlatforms) = postSolution
		{EE64E251-C6BF-4384-AE15-C4EA26F51AEB}.Debug|Any CPU.ActiveCfg = Debug|Any CPU
		{EE64E251-C6BF-4384-AE15-C4EA26F51AEB}.Debug|Any CPU.Build.0 = Debug|Any CPU
		{EE64E251-C6BF-4384-AE15-C4EA26F51AEB}.Release|Any CPU.ActiveCfg = Release|Any CPU
		{EE64E251-C6BF-4384-AE15-C4EA26F51AEB}.Release|Any CPU.Build.0 = Release|Any CPU
	EndGlobalSection
	GlobalSection(SolutionProperties) = preSolution
		HideSolutionNode = FALSE
	EndGlobalSection
	GlobalSection(ExtensibilityGlobals) = postSolution
		SolutionGuid = {778CBA0C-A9D7-4F22-83EB-295260302750}
	EndGlobalSection
EndGlobal
